<?xml version="1.0" encoding="utf-8"?>
<Project ToolsVersion="4.0" xmlns="http://schemas.microsoft.com/developer/msbuild/2003">
  <ItemGroup>
    <Filter Include="Source Files">
      <UniqueIdentifier>{70d6340b-544f-48b4-a723-5049b22eb8fc}</UniqueIdentifier>
      <Extensions>cpp;c;cxx;def;odl;idl;hpj;bat;asm</Extensions>
    </Filter>
    <Filter Include="Header Files">
      <UniqueIdentifier>{bd17ce40-1b67-4caa-94b5-72787e144565}</UniqueIdentifier>
      <Extensions>h;hpp;hxx;hm;inl;inc</Extensions>
    </Filter>
    <Filter Include="Resource Files">
      <UniqueIdentifier>{43cf74b8-4850-48c8-aeee-91f8aad14714}</UniqueIdentifier>
      <Extensions>rc;ico;cur;bmp;dlg;rc2;rct;bin;rgs;jpg;jpeg;jpe;manifest</Extensions>
    </Filter>
    <Filter Include="Views">
      <UniqueIdentifier>{0c130c44-f064-4ee0-b9fa-bad74b5f7d69}</UniqueIdentifier>
    </Filter>
    <Filter Include="Helpers">
      <UniqueIdentifier>{b5f1eaac-e899-4fcc-ad4b-1dd8965c03a7}</UniqueIdentifier>
    </Filter>
    <Filter Include="Resource Files\Icons">
      <UniqueIdentifier>{65232cc8-0f66-43f3-9983-b843bb5f15b5}</UniqueIdentifier>
    </Filter>
    <Filter Include="Dialogs">
      <UniqueIdentifier>{c4a5597d-e04b-4ac6-bc82-6d7a11c1dc2e}</UniqueIdentifier>
    </Filter>
  </ItemGroup>
  <ItemGroup>
    <ClCompile Include="pch.cpp">
      <Filter>Source Files</Filter>
    </ClCompile>
    <ClCompile Include="AstroStudio.cpp">
      <Filter>Source Files</Filter>
    </ClCompile>
    <ClCompile Include="MainFrm.cpp">
      <Filter>Source Files</Filter>
    </ClCompile>
    <ClCompile Include="View.cpp">
      <Filter>Source Files</Filter>
    </ClCompile>
    <ClCompile Include="EphemerisView.cpp">
      <Filter>Views</Filter>
    </ClCompile>
    <ClCompile Include="EphemerisOptionsDlg.cpp">
      <Filter>Dialogs</Filter>
    </ClCompile>
    <ClCompile Include="AspectOptionsDlg.cpp">
      <Filter>Dialogs</Filter>
    </ClCompile>
    <ClCompile Include="AspectOptions.cpp">
      <Filter>Helpers</Filter>
    </ClCompile>
    <ClCompile Include="ChartImage.cpp">
      <Filter>Helpers</Filter>
    </ClCompile>
    <ClCompile Include="Helpers.cpp">
      <Filter>Helpers</Filter>
    </ClCompile>
    <ClCompile Include="AstroFont.cpp">
      <Filter>Helpers</Filter>
    </ClCompile>
    <ClCompile Include="D2DChartDrawing.cpp">
      <Filter>Source Files</Filter>
    </ClCompile>
    <ClCompile Include="ChartFile.cpp">
      <Filter>Source Files</Filter>
    </ClCompile>
    <ClCompile Include="TimeStep.cpp">
      <Filter>Views</Filter>
    </ClCompile>
    <ClCompile Include="TimeZones.cpp">
      <Filter>Views</Filter>
    </ClCompile>
    <ClCompile Include="TimeControls.cpp">
      <Filter>Views</Filter>
    </ClCompile>
    <ClCompile Include="LocationControls.cpp">
      <Filter>Views</Filter>
    </ClCompile>
    <ClCompile Include="D2DResources.cpp">
      <Filter>Source Files</Filter>
    </ClCompile>
    <ClCompile Include="ChartView.cpp">
      <Filter>Views</Filter>
    </ClCompile>
    <ClCompile Include="PlanetSpacer.cpp">
      <Filter>Helpers</Filter>
    </ClCompile>
    <ClCompile Include="DefaultFont.cpp">
      <Filter>Helpers</Filter>
    </ClCompile>
    <ClCompile Include="ChartDetailsView.cpp">
      <Filter>Views</Filter>
    </ClCompile>
    <ClCompile Include="StringHelper.cpp">
      <Filter>Source Files</Filter>
    </ClCompile>
    <ClCompile Include="NetworkHelper.cpp">
      <Filter>Helpers</Filter>
    </ClCompile>
    <ClCompile Include="WinHttp.cpp">
      <Filter>Helpers</Filter>
    </ClCompile>
    <ClCompile Include="GraphicChartView.cpp">
      <Filter>Views</Filter>
    </ClCompile>
    <ClCompile Include="AspectGridDrawing.cpp">
      <Filter>Views</Filter>
    </ClCompile>
    <ClCompile Include="AspectGridWnd.cpp">
      <Filter>Views</Filter>
    </ClCompile>
    <ClCompile Include="Printing.cpp">
      <Filter>Views</Filter>
    </ClCompile>
    <ClCompile Include="Project.cpp">
      <Filter>Source Files</Filter>
    </ClCompile>
    <ClCompile Include="ProjectView.cpp">
      <Filter>Views</Filter>
    </ClCompile>
    <ClCompile Include="ProjectItemDlg.cpp">
      <Filter>Dialogs</Filter>
    </ClCompile>
    <ClCompile Include="MainFrmProject.cpp">
      <Filter>Source Files</Filter>
    </ClCompile>
    <ClCompile Include="PartListView.cpp">
      <Filter>Views</Filter>
    </ClCompile>
    <ClCompile Include="MidpointTreeView.cpp">
      <Filter>Views</Filter>
    </ClCompile>
    <ClCompile Include="MidpointListView.cpp">
      <Filter>Views</Filter>
    </ClCompile>
    <ClCompile Include="AspectListView.cpp">
      <Filter>Views</Filter>
    </ClCompile>
    <ClCompile Include="NewChartDlg.cpp">
      <Filter>Dialogs</Filter>
    </ClCompile>
    <ClCompile Include="AboutDlg.cpp">
      <Filter>Dialogs</Filter>
    </ClCompile>
    <ClCompile Include="AnalysisView.cpp">
      <Filter>Views</Filter>
    </ClCompile>
    <ClCompile Include="AnalysisDlg.cpp">
      <Filter>Dialogs</Filter>
    </ClCompile>
  </ItemGroup>
  <ItemGroup>
    <ClInclude Include="pch.h">
      <Filter>Header Files</Filter>
    </ClInclude>
    <ClInclude Include="MainFrm.h">
      <Filter>Header Files</Filter>
    </ClInclude>
    <ClInclude Include="View.h">
      <Filter>Header Files</Filter>
    </ClInclude>
    <ClInclude Include="EphemerisView.h">
      <Filter>Views</Filter>
    </ClInclude>
    <ClInclude Include="ViewBase.h">
      <Filter>Views</Filter>
    </ClInclude>
    <ClInclude Include="Interfaces.h">
      <Filter>Header Files</Filter>
    </ClInclude>
    <ClInclude Include="EphemerisOptionsDlg.h">
      <Filter>Dialogs</Filter>
    </ClInclude>
    <ClInclude Include="AppSettings.h">
      <Filter>Helpers</Filter>
    </ClInclude>
    <ClInclude Include="AspectOptionsDlg.h">
      <Filter>Dialogs</Filter>
    </ClInclude>
    <ClInclude Include="AspectOptions.h">
      <Filter>Helpers</Filter>
    </ClInclude>
    <ClInclude Include="ChartImage.h">
      <Filter>Helpers</Filter>
    </ClInclude>
    <ClInclude Include="ChartOverlay.h">
      <Filter>Helpers</Filter>
    </ClInclude>
    <ClInclude Include="WheelOptions.h">
      <Filter>Helpers</Filter>
    </ClInclude>
    <ClInclude Include="DateBoxes.h">
      <Filter>Helpers</Filter>
    </ClInclude>
    <ClInclude Include="AnalysisNames.h">
      <Filter>Helpers</Filter>
    </ClInclude>
    <ClInclude Include="DirectionsDlg.h">
      <Filter>Helpers</Filter>
    </ClInclude>
    <ClCompile Include="DirectionsDlg.cpp">
      <Filter>Helpers</Filter>
    </ClCompile>
    <ClInclude Include="ChartColors.h">
      <Filter>Helpers</Filter>
    </ClInclude>
    <ClInclude Include="ChartColorsDlg.h">
      <Filter>Helpers</Filter>
    </ClInclude>
    <ClCompile Include="ChartColors.cpp">
      <Filter>Helpers</Filter>
    </ClCompile>
    <ClCompile Include="ChartColorsDlg.cpp">
      <Filter>Helpers</Filter>
    </ClCompile>
    <ClInclude Include="WheelOptionsDlg.h">
      <Filter>Helpers</Filter>
    </ClInclude>
    <ClCompile Include="WheelOptions.cpp">
      <Filter>Helpers</Filter>
    </ClCompile>
    <ClCompile Include="WheelOptionsDlg.cpp">
      <Filter>Helpers</Filter>
    </ClCompile>
    <ClInclude Include="Helpers.h">
      <Filter>Helpers</Filter>
    </ClInclude>
    <ClInclude Include="AstroFont.h">
      <Filter>Helpers</Filter>
    </ClInclude>
    <ClInclude Include="resource.h">
      <Filter>Resource Files</Filter>
    </ClInclude>
    <ClInclude Include="D2DChartDrawing.h">
      <Filter>Header Files</Filter>
    </ClInclude>
    <ClInclude Include="ChartFile.h">
      <Filter>Header Files</Filter>
    </ClInclude>
    <ClInclude Include="TimeStep.h">
      <Filter>Views</Filter>
    </ClInclude>
    <ClInclude Include="TimeZones.h">
      <Filter>Views</Filter>
    </ClInclude>
    <ClInclude Include="TimeControls.h">
      <Filter>Views</Filter>
    </ClInclude>
    <ClInclude Include="LocationControls.h">
      <Filter>Views</Filter>
    </ClInclude>
    <ClInclude Include="D2DResources.h">
      <Filter>Header Files</Filter>
    </ClInclude>
    <ClInclude Include="ChartView.h">
      <Filter>Views</Filter>
    </ClInclude>
    <ClInclude Include="PlanetSpacer.h">
      <Filter>Helpers</Filter>
    </ClInclude>
    <ClInclude Include="DefaultFont.h">
      <Filter>Helpers</Filter>
    </ClInclude>
    <ClInclude Include="ChartDetailsView.h">
      <Filter>Views</Filter>
    </ClInclude>
    <ClInclude Include="NetworkHelper.h">
      <Filter>Helpers</Filter>
    </ClInclude>
    <ClInclude Include="Json.h">
      <Filter>Helpers</Filter>
    </ClInclude>
    <ClInclude Include="WinHttp.h">
      <Filter>Helpers</Filter>
    </ClInclude>
    <ClInclude Include="GraphicChartView.h">
      <Filter>Views</Filter>
    </ClInclude>
    <ClInclude Include="StringHelper.h">
      <Filter>Helpers</Filter>
    </ClInclude>
    <ClInclude Include="AspectGridDrawing.h">
      <Filter>Views</Filter>
    </ClInclude>
    <ClInclude Include="AspectGridWnd.h">
      <Filter>Views</Filter>
    </ClInclude>
    <ClInclude Include="Printing.h">
      <Filter>Views</Filter>
    </ClInclude>
    <ClInclude Include="Project.h">
      <Filter>Header Files</Filter>
    </ClInclude>
    <ClInclude Include="ProjectView.h">
      <Filter>Views</Filter>
    </ClInclude>
    <ClInclude Include="ProjectItemDlg.h">
      <Filter>Dialogs</Filter>
    </ClInclude>
    <ClInclude Include="PartListView.h">
      <Filter>Views</Filter>
    </ClInclude>
    <ClInclude Include="MidpointTreeView.h">
      <Filter>Views</Filter>
    </ClInclude>
    <ClInclude Include="MidpointListView.h">
      <Filter>Views</Filter>
    </ClInclude>
    <ClInclude Include="AspectListView.h">
      <Filter>Views</Filter>
    </ClInclude>
    <ClInclude Include="NewChartDlg.h">
      <Filter>Dialogs</Filter>
    </ClInclude>
    <ClInclude Include="AboutDlg.h">
      <Filter>Dialogs</Filter>
    </ClInclude>
    <ClInclude Include="AnalysisView.h">
      <Filter>Views</Filter>
    </ClInclude>
    <ClInclude Include="AnalysisDlg.h">
      <Filter>Dialogs</Filter>
    </ClInclude>
  </ItemGroup>
  <ItemGroup>
    <Font Include="res\HamburgSymbols.ttf" />
  </ItemGroup>
  <ItemGroup>
    <Image Include="res\AstroStudio.ico">
      <Filter>Resource Files\Icons</Filter>
    </Image>
    <Image Include="res\color_wheel.ico">
      <Filter>Resource Files\Icons</Filter>
    </Image>
    <Image Include="res\font.ico">
      <Filter>Resource Files\Icons</Filter>
    </Image>
    <Image Include="res\glyph.ico">
      <Filter>Resource Files\Icons</Filter>
    </Image>
    <Image Include="res\retro.ico">
      <Filter>Resource Files\Icons</Filter>
    </Image>
    <Image Include="res\ephemeris.ico">
      <Filter>Resource Files\Icons</Filter>
    </Image>
    <Image Include="res\clock.ico">
      <Filter>Resource Files\Icons</Filter>
    </Image>
    <Image Include="res\event.ico">
      <Filter>Resource Files\Icons</Filter>
    </Image>
    <Image Include="res\fontreset.ico">
      <Filter>Resource Files\Icons</Filter>
    </Image>
    <Image Include="res\FormatFontLarger.ico">
      <Filter>Resource Files\Icons</Filter>
    </Image>
    <Image Include="res\FormatFontSmaller.ico">
      <Filter>Resource Files\Icons</Filter>
    </Image>
    <Image Include="res\grid.ico">
      <Filter>Resource Files\Icons</Filter>
    </Image>
    <Image Include="res\clip_copy.ico">
      <Filter>Resource Files\Icons</Filter>
    </Image>
    <Image Include="res\pin.ico">
      <Filter>Resource Files\Icons</Filter>
    </Image>
    <Image Include="res\Chart.ico">
      <Filter>Resource Files\Icons</Filter>
    </Image>
    <Image Include="res\stop.ico">
      <Filter>Resource Files\Icons</Filter>
    </Image>
    <Image Include="res\play.ico">
      <Filter>Resource Files\Icons</Filter>
    </Image>
    <Image Include="res\clip_paste.ico">
      <Filter>Resource Files\Icons</Filter>
    </Image>
    <Image Include="res\clip_cut.ico">
      <Filter>Resource Files\Icons</Filter>
    </Image>
    <Image Include="res\ChartNow.ico">
      <Filter>Resource Files\Icons</Filter>
    </Image>
    <Image Include="res\Globe.ico">
      <Filter>Resource Files\Icons</Filter>
    </Image>
    <Image Include="res\back.ico">
      <Filter>Resource Files\Icons</Filter>
    </Image>
    <Image Include="res\Forward.ico">
      <Filter>Resource Files\Icons</Filter>
    </Image>
    <Image Include="res\Save.ico">
      <Filter>Resource Files\Icons</Filter>
    </Image>
    <Image Include="res\Saveas.ico">
      <Filter>Resource Files\Icons</Filter>
    </Image>
    <Image Include="res\Print.ico">
      <Filter>Resource Files\Icons</Filter>
    </Image>
    <Image Include="res\Open.ico">
      <Filter>Resource Files\Icons</Filter>
    </Image>
    <Image Include="res\Hourglass.ico">
      <Filter>Resource Files\Icons</Filter>
    </Image>
    <Image Include="res\time-update.ico">
      <Filter>Resource Files\Icons</Filter>
    </Image>
    <Image Include="res\Options.ico">
      <Filter>Resource Files\Icons</Filter>
    </Image>
  </ItemGroup>
  <ItemGroup>
    <ResourceCompile Include="AstroStudio.rc">
      <Filter>Resource Files</Filter>
    </ResourceCompile>
  </ItemGroup>
</Project>