<?xml version="1.0" encoding="utf-8"?>
<Project ToolsVersion="4.0" xmlns="http://schemas.microsoft.com/developer/msbuild/2003">
  <ItemGroup>
    <Filter Include="Source Files">
      <UniqueIdentifier>{4FC737F1-C7A5-4376-A066-2A32D752A2FF}</UniqueIdentifier>
      <Extensions>cpp;c;cc;cxx</Extensions>
    </Filter>
    <Filter Include="Header Files">
      <UniqueIdentifier>{93995380-89BD-4B04-88EB-625FBE52EBFB}</UniqueIdentifier>
      <Extensions>h;hh;hpp;hxx</Extensions>
    </Filter>
    <Filter Include="Resource Files">
      <UniqueIdentifier>{67DA6AB6-F800-4C08-8B7A-83BB121AAD01}</UniqueIdentifier>
      <Extensions>rc;ico;bmp;png</Extensions>
    </Filter>
    <Filter Include="Build">
      <UniqueIdentifier>{8A4C1E29-3B7D-4E56-9F02-1D6B8C3A7E44}</UniqueIdentifier>
    </Filter>
  </ItemGroup>
  <ItemGroup>
    <ClCompile Include="App.cpp">
      <Filter>Source Files</Filter>
    </ClCompile>
    <ClCompile Include="AspectGridDrawing.cpp">
      <Filter>Source Files</Filter>
    </ClCompile>
    <ClCompile Include="AspectGridView.cpp">
      <Filter>Source Files</Filter>
    </ClCompile>
    <ClCompile Include="AspectListView.cpp">
      <Filter>Source Files</Filter>
    </ClCompile>
    <ClCompile Include="EphemerisView.cpp">
      <Filter>Source Files</Filter>
    </ClCompile>
    <ClCompile Include="AstroFont.cpp">
      <Filter>Source Files</Filter>
    </ClCompile>
    <ClCompile Include="ChartDetailsView.cpp">
      <Filter>Source Files</Filter>
    </ClCompile>
    <ClCompile Include="ChartDrawing.cpp">
      <Filter>Source Files</Filter>
    </ClCompile>
    <ClCompile Include="PlanetSpacer.cpp">
      <Filter>Source Files</Filter>
    </ClCompile>
    <ClCompile Include="AstroHelpers.cpp">
      <Filter>Source Files</Filter>
    </ClCompile>
    <ClCompile Include="ChartView.cpp">
      <Filter>Source Files</Filter>
    </ClCompile>
    <ClCompile Include="GraphicChartView.cpp">
      <Filter>Source Files</Filter>
    </ClCompile>
    <ClCompile Include="MainFrame.cpp">
      <Filter>Source Files</Filter>
    </ClCompile>
    <ClCompile Include="Resources.cpp">
      <Filter>Source Files</Filter>
    </ClCompile>
    <ClCompile Include="pch.cpp">
      <Filter>Source Files</Filter>
    </ClCompile>
  </ItemGroup>
  <ItemGroup>
    <ClInclude Include="App.h">
      <Filter>Header Files</Filter>
    </ClInclude>
    <ClInclude Include="AspectGridDrawing.h">
      <Filter>Header Files</Filter>
    </ClInclude>
    <ClInclude Include="AspectGridView.h">
      <Filter>Header Files</Filter>
    </ClInclude>
    <ClInclude Include="AspectListView.h">
      <Filter>Header Files</Filter>
    </ClInclude>
    <ClInclude Include="EphemerisView.h">
      <Filter>Header Files</Filter>
    </ClInclude>
    <ClInclude Include="AstroFont.h">
      <Filter>Header Files</Filter>
    </ClInclude>
    <ClInclude Include="ChartDetailsView.h">
      <Filter>Header Files</Filter>
    </ClInclude>
    <ClInclude Include="ChartDrawing.h">
      <Filter>Header Files</Filter>
    </ClInclude>
    <ClInclude Include="PlanetSpacer.h">
      <Filter>Header Files</Filter>
    </ClInclude>
    <ClInclude Include="AstroHelpers.h">
      <Filter>Header Files</Filter>
    </ClInclude>
    <ClInclude Include="ChartView.h">
      <Filter>Header Files</Filter>
    </ClInclude>
    <ClInclude Include="GraphicChartView.h">
      <Filter>Header Files</Filter>
    </ClInclude>
    <ClInclude Include="Interfaces.h">
      <Filter>Header Files</Filter>
    </ClInclude>
    <ClInclude Include="MainFrame.h">
      <Filter>Header Files</Filter>
    </ClInclude>
    <ClInclude Include="Resources.h">
      <Filter>Header Files</Filter>
    </ClInclude>
    <ClInclude Include="pch.h">
      <Filter>Header Files</Filter>
    </ClInclude>
    <ClInclude Include="resource.h">
      <Filter>Header Files</Filter>
    </ClInclude>
  </ItemGroup>
  <ItemGroup>
    <ResourceCompile Include="AstroStudioWx.rc">
      <Filter>Resource Files</Filter>
    </ResourceCompile>
  </ItemGroup>
  <ItemGroup>
    <None Include="wxwidgets-vcpkg.props">
      <Filter>Build</Filter>
    </None>
  </ItemGroup>
</Project>
